
Microsoft Visual Studio Solution File, Format Version 12.00
# Visual Studio Version 17
VisualStudioVersion = 17.8.34309.116
MinimumVisualStudioVersion = 10.0.40219.1
Project("{FAE04EC0-301F-11D3-BF4B-00C04F79EFBC}") = "ChatServer2", "ChatServer2\ChatServer2.csproj", "{781B3854-2D18-4B0E-B8F7-79B3161FE67C}"
EndProject
Project("{FAE04EC0-301F-11D3-BF4B-00C04F79EFBC}") = "ChatServer", "ChatServer\ChatServer.csproj", "{AD0EC4A0-D12B-4E8F-A495-07A276C278B2}"
EndProject
Project("{FAE04EC0-301F-11D3-BF4B-00C04F79EFBC}") = "ChatClient", "ChatClient\ChatClient.csproj", "{672F35DC-4FFB-4405-91FF-50EC9EED312F}"
EndProject
Global
	GlobalSection(SolutionConfigurationPlatforms) = preSolution
		Debug|Any CPU = Debug|Any CPU
		Release|Any CPU = Release|Any CPU
	EndGlobalSection
	GlobalSection(ProjectConfigurationPlatforms) = postSolution
		{781B3854-2D18-4B0E-B8F7-79B3161FE67C}.Debug|Any CPU.ActiveCfg = Debug|Any CPU
		{781B3854-2D18-4B0E-B8F7-79B3161FE67C}.Debug|Any CPU.Build.0 = Debug|Any CPU
		{781B3854-2D18-4B0E-B8F7-79B3161FE67C}.Release|Any CPU.ActiveCfg = Release|Any CPU
		{781B3854-2D18-4B0E-B8F7-79B3161FE67C}.Release|Any CPU.Build.0 = Release|Any CPU
		{AD0EC4A0-D12B-4E8F-A495-07A276C278B2}.Debug|Any CPU.ActiveCfg = Debug|Any CPU
		{AD0EC4A0-D12B-4E8F-A495-07A276C278B2}.Debug|Any CPU.Build.0 = Debug|Any CPU
		{AD0EC4A0-D12B-4E8F-A495-07A276C278B2}.Release|Any CPU.ActiveCfg = Release|Any CPU
		{AD0EC4A0-D12B-4E8F-A495-07A276C278B2}.Release|Any CPU.Build.0 = Release|Any CPU
		{672F35DC-4FFB-4405-91FF-50EC9EED312F}.Debug|Any CPU.ActiveCfg = Debug|Any CPU
		{672F35DC-4FFB-4405-91FF-50EC9EED312F}.Debug|Any CPU.Build.0 = Debug|Any CPU
		{672F35DC-4FFB-4405-91FF-50EC9EED312F}.Release|Any CPU.ActiveCfg = Release|Any CPU
		{672F35DC-4FFB-4405-91FF-50EC9EED312F}.Release|Any CPU.Build.0 = Release|Any CPU
	EndGlobalSection
	GlobalSection(SolutionProperties) = preSolution
		HideSolutionNode = FALSE
	EndGlobalSection
	GlobalSection(ExtensibilityGlobals) = postSolution
		SolutionGuid = {ED6CFE2A-E991-46CE-B5D7-D4626EB12996}
	EndGlobalSection
EndGlobal
